// !$*UTF8*$!
{
	archiveVersion = 1;
	classes = {
	};
	objectVersion = 77;
	objects = {

/* Begin PBXBuildFile section */
		F2E5CD342F54E1A100D40ABD /* CocoaLumberjack in Frameworks */ = {isa = PBXBuildFile; productRef = F2E5CD332F54E1A100D40ABD /* CocoaLumberjack */; };
/* End PBXBuildFile section */

/* Begin PBXFileReference section */
		F20815D82F73D0A6004260DF /* MagicMove.xcodeproj */ = {isa = PBXFileReference; lastKnownFileType = "wrapper.pb-project"; name = MagicMove.xcodeproj; path = ../MagicMove/MagicMove.xcodeproj; sourceTree = SOURCE_ROOT; };
		F21E97D52F4EE9CC00DF8CF3 /* FxPlug.framework */ = {isa = PBXFileReference; lastKnownFileType = wrapper.framework; name = FxPlug.framework; path = ../../../../../Library/Developer/Frameworks/FxPlug.framework; sourceTree = "<group>"; };
		F2330A742F8577290020CB71 /* Glow.xcodeproj */ = {isa = PBXFileReference; lastKnownFileType = "wrapper.pb-project"; name = Glow.xcodeproj; path = ../Glow/Glow.xcodeproj; sourceTree = SOURCE_ROOT; };
		F26E01B62F4DE280009D949A /* KeyframelessKit.framework */ = {isa = PBXFileReference; explicitFileType = wrapper.framework; includeInIndex = 0; path = KeyframelessKit.framework; sourceTree = BUILT_PRODUCTS_DIR; };
		F26E02092F4DE539009D949A /* Rounded.xcodeproj */ = {isa = PBXFileReference; lastKnownFileType = "wrapper.pb-project"; name = Rounded.xcodeproj; path = ../Rounded/Rounded.xcodeproj; sourceTree = SOURCE_ROOT; };
		F29C84D42F68205F0073B1A9 /* Keyframeless X.xcodeproj */ = {isa = PBXFileReference; lastKnownFileType = "wrapper.pb-project"; name = "Keyframeless X.xcodeproj"; path = "../Keyframeless X/Keyframeless X.xcodeproj"; sourceTree = SOURCE_ROOT; };
		F2D394A62F8AABA6003F4558 /* Canvas.xcodeproj */ = {isa = PBXFileReference; lastKnownFileType = "wrapper.pb-project"; name = Canvas.xcodeproj; path = ../Canvas/Canvas.xcodeproj; sourceTree = SOURCE_ROOT; };
/* End PBXFileReference section */

/* Begin PBXFileSystemSynchronizedBuildFileExceptionSet section */
		F26E01BB2F4DE280009D949A /* Exceptions for "KeyframelessKit" folder in "KeyframelessKit" target */ = {
			isa = PBXFileSystemSynchronizedBuildFileExceptionSet;
			publicHeaders = (
				KeyframelessKit.h,
				KKLog.h,
				Math/KKBezierPath.h,
				Math/KKCropModel.h,
				Math/KKEasing.h,
				Math/KKGradientSampling.h,
				Math/KKMotionLean.h,
				Math/KKPathBoolean.h,
				Math/KKPathMorph.h,
				Math/KKShape.h,
				Math/KKSpatialCurve.h,
				Math/KKSVGParser.h,
				Math/KKTimingCompat.h,
				Math/KKTimingEvaluation.h,
				Math/KKTimingLane.h,
				Math/KKTimingStage.h,
				Metal/KKMetalDeviceCache.h,
				Metal/KKMotionBlur.h,
				Metal/KKRenderPrimitives.h,
				Metal/KKShaderTypes.h,
				OSC/Base/KKOnScreenControl.h,
				"OSC/Base/KKOnScreenControl+CoordinateSpace.h",
				OSC/Base/KKOSCShaderTypes.h,
				OSC/Base/KKRotationOSCMath.h,
				OSC/Controls/KKArcOSC.h,
				OSC/Controls/KKCropOSC.h,
				OSC/Controls/KKIconButtonOSC.h,
				OSC/Controls/KKOSCLabel.h,
				OSC/Controls/KKPointOSC.h,
				OSC/Controls/KKRectBorderOSC.h,
				OSC/Controls/KKRingOSC.h,
				OSC/Controls/KKRotationOSC.h,
				OSC/Controls/KKSquarePointOSC.h,
				OSC/Controls/KKToolbar.h,
				OSC/Utilities/KKSnapEngine.h,
				"Plugin/CustomViews/KKPlugin+OSCVisibility.h",
				Plugin/KKColor.h,
				Plugin/KKConstants.h,
				Plugin/KKDataBlob.h,
				Plugin/KKHostInfo.h,
				Plugin/KKPlayheadPoller.h,
				Plugin/KKPlugin.h,
				"Plugin/KKPlugin+Color.h",
				"Plugin/KKPlugin+Crop.h",
				Plugin/KKPluginHost.h,
				Plugin/KKPluginInstanceState.h,
				Style/KKTokens.h,
				"Style/NSColor+KKColors.h",
				Update/KKUpdateChecker.h,
				Views/Joyride/KKJoyrideController.h,
				Views/Joyride/KKJoyrideDragStep.h,
				Views/Joyride/KKJoyrideGuideHost.h,
				Views/Joyride/KKJoyrideLanesBinder.h,
				Views/Joyride/KKJoyrideOSCSegment.h,
				Views/Joyride/KKJoyrideTrigger.h,
				Views/Joyride/KKOSCGuideBridge.h,
				Views/Joyride/KKOSCGuideStrategy.h,
				Views/KKAlertStackView.h,
				Views/KKAlertView.h,
				Views/KKCheckboxRowView.h,
				Views/KKCheckboxView.h,
				Views/KKChevronView.h,
				Views/KKColorWellView.h,
				Views/KKCustomGroupHeaderView.h,
				Views/KKGapPopoverTypes.h,
				Views/KKGradientBarView.h,
				Views/KKGradientControl.h,
				Views/KKGradientFavorites.h,
				Views/KKGradientFavoritesPopover.h,
				Views/KKHelpSection.h,
				Views/KKHelpView.h,
				Views/KKKbd.h,
				Views/KKLabelView.h,
				Views/KKLaneRowView.h,
				Views/KKMarkup.h,
				Views/KKMiniCanvasCropEditor.h,
				Views/KKMiniCanvasFeed.h,
				Views/KKMiniCanvasGuideScroll.h,
				Views/KKMiniCanvasRenderer.h,
				Views/KKMiniCanvasView.h,
				Views/KKPaddedScrollView.h,
				Views/KKParameterRowView.h,
				Views/KKPillToggleRowView.h,
				Views/KKPointRowView.h,
				Views/KKPopoverExtraRow.h,
				Views/KKPopupSelectView.h,
				Views/KKRandomRowView.h,
				Views/KKSeedView.h,
				Views/KKSegmentEditView.h,
				"Views/KKSegmentEditView+Guide.h",
				Views/KKSeparatorView.h,
				Views/KKSliderRowView.h,
				Views/KKTimelineAdvancedView.h,
				Views/KKTimelineBasicView.h,
				"Views/KKTimelineBasicView+Guide.h",
				Views/KKTimelineInspectorButtons.h,
				Views/KKTimelineInspectorView.h,
				"Views/KKTimelineInspectorView+Guide.h",
				Views/KKTimelineLanesView.h,
				"Views/KKTimelineLanesView+Guide.h",
			);
			target = F26E01B52F4DE280009D949A /* KeyframelessKit */;
		};
/* End PBXFileSystemSynchronizedBuildFileExceptionSet section */

/* Begin PBXFileSystemSynchronizedRootGroup section */
		F26E01B82F4DE280009D949A /* KeyframelessKit */ = {
			isa = PBXFileSystemSynchronizedRootGroup;
			exceptions = (
				F26E01BB2F4DE280009D949A /* Exceptions for "KeyframelessKit" folder in "KeyframelessKit" target */,
			);
			path = KeyframelessKit;
			sourceTree = "<group>";
		};
/* End PBXFileSystemSynchronizedRootGroup section */

/* Begin PBXFrameworksBuildPhase section */
		F26E01B32F4DE280009D949A /* Frameworks */ = {
			isa = PBXFrameworksBuildPhase;
			buildActionMask = 2147483647;
			files = (
				F2E5CD342F54E1A100D40ABD /* CocoaLumberjack in Frameworks */,
			);
			runOnlyForDeploymentPostprocessing = 0;
		};
/* End PBXFrameworksBuildPhase section */

/* Begin PBXGroup section */
		F20816252F73D0A6004260DF /* Products */ = {
			isa = PBXGroup;
			children = (
			);
			name = Products;
			sourceTree = "<group>";
		};
		F21E97D42F4EE9CC00DF8CF3 /* Frameworks */ = {
			isa = PBXGroup;
			children = (
				F21E97D52F4EE9CC00DF8CF3 /* FxPlug.framework */,
			);
			name = Frameworks;
			sourceTree = "<group>";
		};
		F2330AB82F8577290020CB71 /* Products */ = {
			isa = PBXGroup;
			children = (
			);
			name = Products;
			sourceTree = "<group>";
		};
		F26E01AC2F4DE280009D949A = {
			isa = PBXGroup;
			children = (
				F2D394A62F8AABA6003F4558 /* Canvas.xcodeproj */,
				F2330A742F8577290020CB71 /* Glow.xcodeproj */,
				F29C84D42F68205F0073B1A9 /* Keyframeless X.xcodeproj */,
				F26E02092F4DE539009D949A /* Rounded.xcodeproj */,
				F26E01B82F4DE280009D949A /* KeyframelessKit */,
				F21E97D42F4EE9CC00DF8CF3 /* Frameworks */,
				F26E01B72F4DE280009D949A /* Products */,
				F20815D82F73D0A6004260DF /* MagicMove.xcodeproj */,
			);
			sourceTree = "<group>";
		};
		F26E01B72F4DE280009D949A /* Products */ = {
			isa = PBXGroup;
			children = (
				F26E01B62F4DE280009D949A /* KeyframelessKit.framework */,
			);
			name = Products;
			sourceTree = "<group>";
		};
		F26E02462F4DE539009D949A /* Products */ = {
			isa = PBXGroup;
			children = (
			);
			name = Products;
			sourceTree = "<group>";
		};
		F29C84D72F68205F0073B1A9 /* Products */ = {
			isa = PBXGroup;
			children = (
			);
			name = Products;
			sourceTree = "<group>";
		};
		F2D394EA2F8AABA6003F4558 /* Products */ = {
			isa = PBXGroup;
			children = (
			);
			name = Products;
			sourceTree = "<group>";
		};
/* End PBXGroup section */

/* Begin PBXHeadersBuildPhase section */
		F26E01B12F4DE280009D949A /* Headers */ = {
			isa = PBXHeadersBuildPhase;
			buildActionMask = 2147483647;
			files = (
			);
			runOnlyForDeploymentPostprocessing = 0;
		};
/* End PBXHeadersBuildPhase section */

/* Begin PBXNativeTarget section */
		F26E01B52F4DE280009D949A /* KeyframelessKit */ = {
			isa = PBXNativeTarget;
			buildConfigurationList = F26E01BC2F4DE280009D949A /* Build configuration list for PBXNativeTarget "KeyframelessKit" */;
			buildPhases = (
				F26E01B12F4DE280009D949A /* Headers */,
				F26E01B22F4DE280009D949A /* Sources */,
				F26E01B32F4DE280009D949A /* Frameworks */,
				F26E01B42F4DE280009D949A /* Resources */,
			);
			buildRules = (
			);
			dependencies = (
			);
			fileSystemSynchronizedGroups = (
				F26E01B82F4DE280009D949A /* KeyframelessKit */,
			);
			name = KeyframelessKit;
			packageProductDependencies = (
				F2E5CD332F54E1A100D40ABD /* CocoaLumberjack */,
			);
			productName = KeyframelessKit;
			productReference = F26E01B62F4DE280009D949A /* KeyframelessKit.framework */;
			productType = "com.apple.product-type.framework";
		};
/* End PBXNativeTarget section */

/* Begin PBXProject section */
		F26E01AD2F4DE280009D949A /* Project object */ = {
			isa = PBXProject;
			attributes = {
				BuildIndependentTargetsInParallel = 1;
				LastUpgradeCheck = 2640;
				TargetAttributes = {
					F26E01B52F4DE280009D949A = {
						CreatedOnToolsVersion = 26.0.1;
					};
				};
			};
			buildConfigurationList = F26E01B02F4DE280009D949A /* Build configuration list for PBXProject "KeyframelessKit" */;
			developmentRegion = en;
			hasScannedForEncodings = 0;
			knownRegions = (
				en,
				Base,
				"zh-Hans",
				fr,
				de,
				ja,
				ko,
				es,
			);
			mainGroup = F26E01AC2F4DE280009D949A;
			minimizedProjectReferenceProxies = 1;
			packageReferences = (
				F2E5CD322F54E1A100D40ABD /* XCRemoteSwiftPackageReference "CocoaLumberjack" */,
			);
			preferredProjectObjectVersion = 77;
			productRefGroup = F26E01B72F4DE280009D949A /* Products */;
			projectDirPath = "";
			projectReferences = (
				{
					ProductGroup = F2D394EA2F8AABA6003F4558 /* Products */;
					ProjectRef = F2D394A62F8AABA6003F4558 /* Canvas.xcodeproj */;
				},
				{
					ProductGroup = F2330AB82F8577290020CB71 /* Products */;
					ProjectRef = F2330A742F8577290020CB71 /* Glow.xcodeproj */;
				},
				{
					ProductGroup = F29C84D72F68205F0073B1A9 /* Products */;
					ProjectRef = F29C84D42F68205F0073B1A9 /* Keyframeless X.xcodeproj */;
				},
				{
					ProductGroup = F20816252F73D0A6004260DF /* Products */;
					ProjectRef = F20815D82F73D0A6004260DF /* MagicMove.xcodeproj */;
				},
				{
					ProductGroup = F26E02462F4DE539009D949A /* Products */;
					ProjectRef = F26E02092F4DE539009D949A /* Rounded.xcodeproj */;
				},
			);
			projectRoot = "";
			targets = (
				F26E01B52F4DE280009D949A /* KeyframelessKit */,
			);
		};
/* End PBXProject section */

/* Begin PBXResourcesBuildPhase section */
		F26E01B42F4DE280009D949A /* Resources */ = {
			isa = PBXResourcesBuildPhase;
			buildActionMask = 2147483647;
			files = (
			);
			runOnlyForDeploymentPostprocessing = 0;
		};
/* End PBXResourcesBuildPhase section */

/* Begin PBXSourcesBuildPhase section */
		F26E01B22F4DE280009D949A /* Sources */ = {
			isa = PBXSourcesBuildPhase;
			buildActionMask = 2147483647;
			files = (
			);
			runOnlyForDeploymentPostprocessing = 0;
		};
/* End PBXSourcesBuildPhase section */

/* Begin XCBuildConfiguration section */
		F26E01BD2F4DE280009D949A /* Debug */ = {
			isa = XCBuildConfiguration;
			buildSettings = {
				ADDITIONAL_SDKS = /Library/Developer/SDKs/FxPlug.sdk;
				CODE_SIGN_IDENTITY = "";
				"CODE_SIGN_IDENTITY[sdk=macosx*]" = "Apple Development";
				CODE_SIGN_STYLE = Manual;
				COMBINE_HIDPI_IMAGES = YES;
				CURRENT_PROJECT_VERSION = 1;
				DEAD_CODE_STRIPPING = YES;
				DEFINES_MODULE = YES;
				DEVELOPMENT_TEAM = "";
				"DEVELOPMENT_TEAM[sdk=macosx*]" = 378WQ9W95U;
				DYLIB_COMPATIBILITY_VERSION = 1;
				DYLIB_CURRENT_VERSION = 1;
				DYLIB_INSTALL_NAME_BASE = "@rpath";
				ENABLE_HARDENED_RUNTIME = YES;
				ENABLE_MODULE_VERIFIER = YES;
				FRAMEWORK_SEARCH_PATHS = (
					/Library/Frameworks,
					"$(inherited)",
				);
				GENERATE_INFOPLIST_FILE = YES;
				INFOPLIST_KEY_NSHumanReadableCopyright = "";
				INSTALL_PATH = "@rpath";
				LD_RUNPATH_SEARCH_PATHS = (
					"$(inherited)",
					"@executable_path/../Frameworks",
					"@loader_path/Frameworks",
				);
				MACOSX_DEPLOYMENT_TARGET = 15.6;
				MARKETING_VERSION = 1.0;
				MODULE_VERIFIER_SUPPORTED_LANGUAGES = "objective-c objective-c++";
				MODULE_VERIFIER_SUPPORTED_LANGUAGE_STANDARDS = "gnu17 gnu++20";
				PRODUCT_BUNDLE_IDENTIFIER = co.overpolish.keyframeless.KeyframelessKit;
				PRODUCT_NAME = "$(TARGET_NAME:c99extidentifier)";
				PROVISIONING_PROFILE_SPECIFIER = "";
				SKIP_INSTALL = YES;
				STRING_CATALOG_GENERATE_SYMBOLS = YES;
				SWIFT_EMIT_LOC_STRINGS = YES;
			};
			name = Debug;
		};
		F26E01BE2F4DE280009D949A /* Release */ = {
			isa = XCBuildConfiguration;
			buildSettings = {
				ADDITIONAL_SDKS = /Library/Developer/SDKs/FxPlug.sdk;
				CODE_SIGN_IDENTITY = "";
				"CODE_SIGN_IDENTITY[sdk=macosx*]" = "Developer ID Application";
				CODE_SIGN_STYLE = Manual;
				COMBINE_HIDPI_IMAGES = YES;
				CURRENT_PROJECT_VERSION = 1;
				DEAD_CODE_STRIPPING = YES;
				DEFINES_MODULE = YES;
				DEVELOPMENT_TEAM = "";
				"DEVELOPMENT_TEAM[sdk=macosx*]" = 378WQ9W95U;
				DYLIB_COMPATIBILITY_VERSION = 1;
				DYLIB_CURRENT_VERSION = 1;
				DYLIB_INSTALL_NAME_BASE = "@rpath";
				ENABLE_HARDENED_RUNTIME = YES;
				ENABLE_MODULE_VERIFIER = YES;
				FRAMEWORK_SEARCH_PATHS = (
					/Library/Frameworks,
					"$(inherited)",
				);
				GENERATE_INFOPLIST_FILE = YES;
				INFOPLIST_KEY_NSHumanReadableCopyright = "";
				INSTALL_PATH = "@rpath";
				LD_RUNPATH_SEARCH_PATHS = (
					"$(inherited)",
					"@executable_path/../Frameworks",
					"@loader_path/Frameworks",
				);
				MACOSX_DEPLOYMENT_TARGET = 15.6;
				MARKETING_VERSION = 1.0;
				MODULE_VERIFIER_SUPPORTED_LANGUAGES = "objective-c objective-c++";
				MODULE_VERIFIER_SUPPORTED_LANGUAGE_STANDARDS = "gnu17 gnu++20";
				PRODUCT_BUNDLE_IDENTIFIER = co.overpolish.keyframeless.KeyframelessKit;
				PRODUCT_NAME = "$(TARGET_NAME:c99extidentifier)";
				PROVISIONING_PROFILE_SPECIFIER = "";
				SKIP_INSTALL = YES;
				STRING_CATALOG_GENERATE_SYMBOLS = YES;
				SWIFT_EMIT_LOC_STRINGS = YES;
			};
			name = Release;
		};
		F26E01BF2F4DE280009D949A /* Debug */ = {
			isa = XCBuildConfiguration;
			buildSettings = {
				ALWAYS_SEARCH_USER_PATHS = NO;
				ASSETCATALOG_COMPILER_GENERATE_SWIFT_ASSET_SYMBOL_EXTENSIONS = YES;
				CLANG_ANALYZER_LOCALIZABILITY_NONLOCALIZED = YES;
				CLANG_ANALYZER_NONNULL = YES;
				CLANG_ANALYZER_NUMBER_OBJECT_CONVERSION = YES_AGGRESSIVE;
				CLANG_CXX_LANGUAGE_STANDARD = "gnu++20";
				CLANG_ENABLE_MODULES = YES;
				CLANG_ENABLE_OBJC_ARC = YES;
				CLANG_ENABLE_OBJC_WEAK = YES;
				CLANG_WARN_BLOCK_CAPTURE_AUTORELEASING = YES;
				CLANG_WARN_BOOL_CONVERSION = YES;
				CLANG_WARN_COMMA = YES;
				CLANG_WARN_CONSTANT_CONVERSION = YES;
				CLANG_WARN_DEPRECATED_OBJC_IMPLEMENTATIONS = YES;
				CLANG_WARN_DIRECT_OBJC_ISA_USAGE = YES_ERROR;
				CLANG_WARN_DOCUMENTATION_COMMENTS = YES;
				CLANG_WARN_EMPTY_BODY = YES;
				CLANG_WARN_ENUM_CONVERSION = YES;
				CLANG_WARN_INFINITE_RECURSION = YES;
				CLANG_WARN_INT_CONVERSION = YES;
				CLANG_WARN_NON_LITERAL_NULL_CONVERSION = YES;
				CLANG_WARN_OBJC_IMPLICIT_RETAIN_SELF = YES;
				CLANG_WARN_OBJC_LITERAL_CONVERSION = YES;
				CLANG_WARN_OBJC_ROOT_CLASS = YES_ERROR;
				CLANG_WARN_QUOTED_INCLUDE_IN_FRAMEWORK_HEADER = YES;
				CLANG_WARN_RANGE_LOOP_ANALYSIS = YES;
				CLANG_WARN_STRICT_PROTOTYPES = YES;
				CLANG_WARN_SUSPICIOUS_MOVE = YES;
				CLANG_WARN_UNGUARDED_AVAILABILITY = YES_AGGRESSIVE;
				CLANG_WARN_UNREACHABLE_CODE = YES;
				CLANG_WARN__DUPLICATE_METHOD_MATCH = YES;
				COPY_PHASE_STRIP = NO;
				CURRENT_PROJECT_VERSION = 1;
				DEAD_CODE_STRIPPING = YES;
				DEBUG_INFORMATION_FORMAT = dwarf;
				ENABLE_STRICT_OBJC_MSGSEND = YES;
				ENABLE_TESTABILITY = YES;
				ENABLE_USER_SCRIPT_SANDBOXING = YES;
				GCC_C_LANGUAGE_STANDARD = gnu17;
				GCC_DYNAMIC_NO_PIC = NO;
				GCC_NO_COMMON_BLOCKS = YES;
				GCC_OPTIMIZATION_LEVEL = 0;
				GCC_PREPROCESSOR_DEFINITIONS = (
					"DEBUG=1",
					"$(inherited)",
				);
				GCC_WARN_64_TO_32_BIT_CONVERSION = YES;
				GCC_WARN_ABOUT_RETURN_TYPE = YES_ERROR;
				GCC_WARN_UNDECLARED_SELECTOR = YES;
				GCC_WARN_UNINITIALIZED_AUTOS = YES_AGGRESSIVE;
				GCC_WARN_UNUSED_FUNCTION = YES;
				GCC_WARN_UNUSED_VARIABLE = YES;
				LOCALIZATION_PREFERS_STRING_CATALOGS = YES;
				MACOSX_DEPLOYMENT_TARGET = 26.0;
				MTL_ENABLE_DEBUG_INFO = INCLUDE_SOURCE;
				MTL_FAST_MATH = YES;
				ONLY_ACTIVE_ARCH = YES;
				SDKROOT = macosx;
				STRING_CATALOG_GENERATE_SYMBOLS = YES;
				VERSIONING_SYSTEM = "apple-generic";
				VERSION_INFO_PREFIX = "";
			};
			name = Debug;
		};
		F26E01C02F4DE280009D949A /* Release */ = {
			isa = XCBuildConfiguration;
			buildSettings = {
				ALWAYS_SEARCH_USER_PATHS = NO;
				ASSETCATALOG_COMPILER_GENERATE_SWIFT_ASSET_SYMBOL_EXTENSIONS = YES;
				CLANG_ANALYZER_LOCALIZABILITY_NONLOCALIZED = YES;
				CLANG_ANALYZER_NONNULL = YES;
				CLANG_ANALYZER_NUMBER_OBJECT_CONVERSION = YES_AGGRESSIVE;
				CLANG_CXX_LANGUAGE_STANDARD = "gnu++20";
				CLANG_ENABLE_MODULES = YES;
				CLANG_ENABLE_OBJC_ARC = YES;
				CLANG_ENABLE_OBJC_WEAK = YES;
				CLANG_WARN_BLOCK_CAPTURE_AUTORELEASING = YES;
				CLANG_WARN_BOOL_CONVERSION = YES;
				CLANG_WARN_COMMA = YES;
				CLANG_WARN_CONSTANT_CONVERSION = YES;
				CLANG_WARN_DEPRECATED_OBJC_IMPLEMENTATIONS = YES;
				CLANG_WARN_DIRECT_OBJC_ISA_USAGE = YES_ERROR;
				CLANG_WARN_DOCUMENTATION_COMMENTS = YES;
				CLANG_WARN_EMPTY_BODY = YES;
				CLANG_WARN_ENUM_CONVERSION = YES;
				CLANG_WARN_INFINITE_RECURSION = YES;
				CLANG_WARN_INT_CONVERSION = YES;
				CLANG_WARN_NON_LITERAL_NULL_CONVERSION = YES;
				CLANG_WARN_OBJC_IMPLICIT_RETAIN_SELF = YES;
				CLANG_WARN_OBJC_LITERAL_CONVERSION = YES;
				CLANG_WARN_OBJC_ROOT_CLASS = YES_ERROR;
				CLANG_WARN_QUOTED_INCLUDE_IN_FRAMEWORK_HEADER = YES;
				CLANG_WARN_RANGE_LOOP_ANALYSIS = YES;
				CLANG_WARN_STRICT_PROTOTYPES = YES;
				CLANG_WARN_SUSPICIOUS_MOVE = YES;
				CLANG_WARN_UNGUARDED_AVAILABILITY = YES_AGGRESSIVE;
				CLANG_WARN_UNREACHABLE_CODE = YES;
				CLANG_WARN__DUPLICATE_METHOD_MATCH = YES;
				COPY_PHASE_STRIP = NO;
				CURRENT_PROJECT_VERSION = 1;
				DEAD_CODE_STRIPPING = YES;
				DEBUG_INFORMATION_FORMAT = "dwarf-with-dsym";
				ENABLE_NS_ASSERTIONS = NO;
				ENABLE_STRICT_OBJC_MSGSEND = YES;
				ENABLE_USER_SCRIPT_SANDBOXING = YES;
				GCC_C_LANGUAGE_STANDARD = gnu17;
				GCC_NO_COMMON_BLOCKS = YES;
				GCC_WARN_64_TO_32_BIT_CONVERSION = YES;
				GCC_WARN_ABOUT_RETURN_TYPE = YES_ERROR;
				GCC_WARN_UNDECLARED_SELECTOR = YES;
				GCC_WARN_UNINITIALIZED_AUTOS = YES_AGGRESSIVE;
				GCC_WARN_UNUSED_FUNCTION = YES;
				GCC_WARN_UNUSED_VARIABLE = YES;
				LOCALIZATION_PREFERS_STRING_CATALOGS = YES;
				MACOSX_DEPLOYMENT_TARGET = 26.0;
				MTL_ENABLE_DEBUG_INFO = NO;
				MTL_FAST_MATH = YES;
				SDKROOT = macosx;
				STRING_CATALOG_GENERATE_SYMBOLS = YES;
				VERSIONING_SYSTEM = "apple-generic";
				VERSION_INFO_PREFIX = "";
			};
			name = Release;
		};
/* End XCBuildConfiguration section */

/* Begin XCConfigurationList section */
		F26E01B02F4DE280009D949A /* Build configuration list for PBXProject "KeyframelessKit" */ = {
			isa = XCConfigurationList;
			buildConfigurations = (
				F26E01BF2F4DE280009D949A /* Debug */,
				F26E01C02F4DE280009D949A /* Release */,
			);
			defaultConfigurationIsVisible = 0;
			defaultConfigurationName = Release;
		};
		F26E01BC2F4DE280009D949A /* Build configuration list for PBXNativeTarget "KeyframelessKit" */ = {
			isa = XCConfigurationList;
			buildConfigurations = (
				F26E01BD2F4DE280009D949A /* Debug */,
				F26E01BE2F4DE280009D949A /* Release */,
			);
			defaultConfigurationIsVisible = 0;
			defaultConfigurationName = Release;
		};
/* End XCConfigurationList section */

/* Begin XCRemoteSwiftPackageReference section */
		F2E5CD322F54E1A100D40ABD /* XCRemoteSwiftPackageReference "CocoaLumberjack" */ = {
			isa = XCRemoteSwiftPackageReference;
			repositoryURL = "https://github.com/CocoaLumberjack/CocoaLumberjack";
			requirement = {
				kind = upToNextMajorVersion;
				minimumVersion = 3.9.0;
			};
		};
/* End XCRemoteSwiftPackageReference section */

/* Begin XCSwiftPackageProductDependency section */
		F2E5CD332F54E1A100D40ABD /* CocoaLumberjack */ = {
			isa = XCSwiftPackageProductDependency;
			package = F2E5CD322F54E1A100D40ABD /* XCRemoteSwiftPackageReference "CocoaLumberjack" */;
			productName = CocoaLumberjack;
		};
/* End XCSwiftPackageProductDependency section */
	};
	rootObject = F26E01AD2F4DE280009D949A /* Project object */;
}
