// !$*UTF8*$!
{
	archiveVersion = 1;
	classes = {
	};
	objectVersion = 77;
	objects = {

/* Begin PBXBuildFile section */
		F26E024F2F4DE56D009D949A /* KeyframelessKit.framework in Frameworks */ = {isa = PBXBuildFile; fileRef = F26E024E2F4DE56D009D949A /* KeyframelessKit.framework */; };
		F26E02502F4DE56D009D949A /* KeyframelessKit.framework in Embed Frameworks */ = {isa = PBXBuildFile; fileRef = F26E024E2F4DE56D009D949A /* KeyframelessKit.framework */; settings = {ATTRIBUTES = (CodeSignOnCopy, RemoveHeadersOnCopy, ); }; };
		F2E2ED792F4CA530008620D9 /* Cocoa.framework in Frameworks */ = {isa = PBXBuildFile; fileRef = F2E2ED782F4CA530008620D9 /* Cocoa.framework */; };
		F2E2ED812F4CA530008620D9 /* Rounded XPC Service.pluginkit in Embed PlugIns */ = {isa = PBXBuildFile; fileRef = F2E2ED802F4CA530008620D9 /* Rounded XPC Service.pluginkit */; settings = {ATTRIBUTES = (CodeSignOnCopy, RemoveHeadersOnCopy, ); }; };
		F2E2ED852F4CA530008620D9 /* Foundation.framework in Frameworks */ = {isa = PBXBuildFile; fileRef = F2E2ED842F4CA530008620D9 /* Foundation.framework */; };
		F2E2ED872F4CA530008620D9 /* AppKit.framework in Frameworks */ = {isa = PBXBuildFile; fileRef = F2E2ED862F4CA530008620D9 /* AppKit.framework */; };
		F2E2ED892F4CA530008620D9 /* Accelerate.framework in Frameworks */ = {isa = PBXBuildFile; fileRef = F2E2ED882F4CA530008620D9 /* Accelerate.framework */; };
		F2E2ED8B2F4CA530008620D9 /* PluginManager.framework in Frameworks */ = {isa = PBXBuildFile; fileRef = F2E2ED8A2F4CA530008620D9 /* PluginManager.framework */; };
		F2E2ED8D2F4CA530008620D9 /* FxPlug.framework in Frameworks */ = {isa = PBXBuildFile; fileRef = F2E2ED8C2F4CA530008620D9 /* FxPlug.framework */; };
/* End PBXBuildFile section */

/* Begin PBXContainerItemProxy section */
		F2E2ED822F4CA530008620D9 /* PBXContainerItemProxy */ = {
			isa = PBXContainerItemProxy;
			containerPortal = F2E2ED6D2F4CA530008620D9 /* Project object */;
			proxyType = 1;
			remoteGlobalIDString = F2E2ED7F2F4CA530008620D9;
			remoteInfo = "XPC Service";
		};
		F2E2ED8E2F4CA530008620D9 /* PBXContainerItemProxy */ = {
			isa = PBXContainerItemProxy;
			containerPortal = F2E2ED6D2F4CA530008620D9 /* Project object */;
			proxyType = 1;
			remoteGlobalIDString = F2E2ED7F2F4CA530008620D9;
			remoteInfo = "XPC Service";
		};
/* End PBXContainerItemProxy section */

/* Begin PBXCopyFilesBuildPhase section */
		F26E02512F4DE56D009D949A /* Embed Frameworks */ = {
			isa = PBXCopyFilesBuildPhase;
			buildActionMask = 2147483647;
			dstPath = "";
			dstSubfolderSpec = 10;
			files = (
				F26E02502F4DE56D009D949A /* KeyframelessKit.framework in Embed Frameworks */,
			);
			name = "Embed Frameworks";
			runOnlyForDeploymentPostprocessing = 0;
		};
		F2E2EDB92F4CA530008620D9 /* Embed PlugIns */ = {
			isa = PBXCopyFilesBuildPhase;
			buildActionMask = 2147483647;
			dstPath = "";
			dstSubfolderSpec = 13;
			files = (
				F2E2ED812F4CA530008620D9 /* Rounded XPC Service.pluginkit in Embed PlugIns */,
			);
			name = "Embed PlugIns";
			runOnlyForDeploymentPostprocessing = 0;
		};
/* End PBXCopyFilesBuildPhase section */

/* Begin PBXFileReference section */
		F26E024E2F4DE56D009D949A /* KeyframelessKit.framework */ = {isa = PBXFileReference; explicitFileType = wrapper.framework; path = KeyframelessKit.framework; sourceTree = BUILT_PRODUCTS_DIR; };
		F2E2ED752F4CA530008620D9 /* Rounded.app */ = {isa = PBXFileReference; explicitFileType = wrapper.application; includeInIndex = 0; path = Rounded.app; sourceTree = BUILT_PRODUCTS_DIR; };
		F2E2ED782F4CA530008620D9 /* Cocoa.framework */ = {isa = PBXFileReference; lastKnownFileType = wrapper.framework; name = Cocoa.framework; path = System/Library/Frameworks/Cocoa.framework; sourceTree = SDKROOT; };
		F2E2ED802F4CA530008620D9 /* Rounded XPC Service.pluginkit */ = {isa = PBXFileReference; explicitFileType = wrapper.cfbundle; includeInIndex = 0; path = "Rounded XPC Service.pluginkit"; sourceTree = BUILT_PRODUCTS_DIR; };
		F2E2ED842F4CA530008620D9 /* Foundation.framework */ = {isa = PBXFileReference; lastKnownFileType = wrapper.framework; name = Foundation.framework; path = System/Library/Frameworks/Foundation.framework; sourceTree = SDKROOT; };
		F2E2ED862F4CA530008620D9 /* AppKit.framework */ = {isa = PBXFileReference; lastKnownFileType = wrapper.framework; name = AppKit.framework; path = System/Library/Frameworks/AppKit.framework; sourceTree = SDKROOT; };
		F2E2ED882F4CA530008620D9 /* Accelerate.framework */ = {isa = PBXFileReference; lastKnownFileType = wrapper.framework; name = Accelerate.framework; path = System/Library/Frameworks/Accelerate.framework; sourceTree = SDKROOT; };
		F2E2ED8A2F4CA530008620D9 /* PluginManager.framework */ = {isa = PBXFileReference; lastKnownFileType = wrapper.framework; name = PluginManager.framework; path = Library/Frameworks/../../../../../../Library/Developer/Frameworks/PluginManager.framework; sourceTree = DEVELOPER_DIR; };
		F2E2ED8C2F4CA530008620D9 /* FxPlug.framework */ = {isa = PBXFileReference; lastKnownFileType = wrapper.framework; name = FxPlug.framework; path = Library/Frameworks/../../../../../../Library/Developer/Frameworks/FxPlug.framework; sourceTree = DEVELOPER_DIR; };
/* End PBXFileReference section */

/* Begin PBXFileSystemSynchronizedBuildFileExceptionSet section */
		F2E2EDB52F4CA530008620D9 /* Exceptions for "Rounded" folder in "Wrapper Application" target */ = {
			isa = PBXFileSystemSynchronizedBuildFileExceptionSet;
			membershipExceptions = (
				"/Localized: Plugin/InfoPlist.strings",
				"/Localized: Plugin/Localizable.strings",
				Plugin/Info.plist,
				Plugin/main.m,
				Plugin/MetalDeviceCache.m,
				Plugin/Rounded.metal,
				Plugin/RoundedOSC.m,
				Plugin/RoundedOSC.metal,
				Plugin/RoundedPlugin.m,
				"Wrapper Application/Info.plist",
			);
			target = F2E2ED742F4CA530008620D9 /* Wrapper Application */;
		};
		F2E2EDBD2F4CA530008620D9 /* Exceptions for "Rounded" folder in "XPC Service" target */ = {
			isa = PBXFileSystemSynchronizedBuildFileExceptionSet;
			membershipExceptions = (
				"/Localized: Wrapper Application/Credits.rtf",
				"/Localized: Wrapper Application/InfoPlist.strings",
				"/Localized: Wrapper Application/MainMenu.xib",
				Plugin/Info.plist,
				"Wrapper Application/AppDelegate.m",
				"Wrapper Application/Info.plist",
				"Wrapper Application/main.m",
			);
			target = F2E2ED7F2F4CA530008620D9 /* XPC Service */;
		};
/* End PBXFileSystemSynchronizedBuildFileExceptionSet section */

/* Begin PBXFileSystemSynchronizedRootGroup section */
		F2E2ED902F4CA530008620D9 /* Rounded */ = {
			isa = PBXFileSystemSynchronizedRootGroup;
			exceptions = (
				F2E2EDB52F4CA530008620D9 /* Exceptions for "Rounded" folder in "Wrapper Application" target */,
				F2E2EDBD2F4CA530008620D9 /* Exceptions for "Rounded" folder in "XPC Service" target */,
			);
			path = Rounded;
			sourceTree = "<group>";
		};
/* End PBXFileSystemSynchronizedRootGroup section */

/* Begin PBXFrameworksBuildPhase section */
		F2E2ED722F4CA530008620D9 /* Frameworks */ = {
			isa = PBXFrameworksBuildPhase;
			buildActionMask = 2147483647;
			files = (
				F26E024F2F4DE56D009D949A /* KeyframelessKit.framework in Frameworks */,
				F2E2ED792F4CA530008620D9 /* Cocoa.framework in Frameworks */,
			);
			runOnlyForDeploymentPostprocessing = 0;
		};
		F2E2ED7B2F4CA530008620D9 /* Frameworks */ = {
			isa = PBXFrameworksBuildPhase;
			buildActionMask = 2147483647;
			files = (
				F2E2ED892F4CA530008620D9 /* Accelerate.framework in Frameworks */,
				F2E2ED8B2F4CA530008620D9 /* PluginManager.framework in Frameworks */,
				F2E2ED852F4CA530008620D9 /* Foundation.framework in Frameworks */,
				F2E2ED872F4CA530008620D9 /* AppKit.framework in Frameworks */,
				F2E2ED8D2F4CA530008620D9 /* FxPlug.framework in Frameworks */,
			);
			runOnlyForDeploymentPostprocessing = 0;
		};
/* End PBXFrameworksBuildPhase section */

/* Begin PBXGroup section */
		F2E2ED6C2F4CA530008620D9 = {
			isa = PBXGroup;
			children = (
				F2E2ED902F4CA530008620D9 /* Rounded */,
				F2E2ED772F4CA530008620D9 /* Frameworks */,
				F2E2ED762F4CA530008620D9 /* Products */,
			);
			sourceTree = "<group>";
		};
		F2E2ED762F4CA530008620D9 /* Products */ = {
			isa = PBXGroup;
			children = (
				F2E2ED752F4CA530008620D9 /* Rounded.app */,
				F2E2ED802F4CA530008620D9 /* Rounded XPC Service.pluginkit */,
			);
			name = Products;
			sourceTree = "<group>";
		};
		F2E2ED772F4CA530008620D9 /* Frameworks */ = {
			isa = PBXGroup;
			children = (
				F26E024E2F4DE56D009D949A /* KeyframelessKit.framework */,
				F2E2ED782F4CA530008620D9 /* Cocoa.framework */,
				F2E2ED842F4CA530008620D9 /* Foundation.framework */,
				F2E2ED862F4CA530008620D9 /* AppKit.framework */,
				F2E2ED882F4CA530008620D9 /* Accelerate.framework */,
				F2E2ED8A2F4CA530008620D9 /* PluginManager.framework */,
				F2E2ED8C2F4CA530008620D9 /* FxPlug.framework */,
			);
			name = Frameworks;
			sourceTree = "<group>";
		};
/* End PBXGroup section */

/* Begin PBXNativeTarget section */
		F2E2ED742F4CA530008620D9 /* Wrapper Application */ = {
			isa = PBXNativeTarget;
			buildConfigurationList = F2E2EDBA2F4CA530008620D9 /* Build configuration list for PBXNativeTarget "Wrapper Application" */;
			buildPhases = (
				F2E2ED712F4CA530008620D9 /* Sources */,
				F2E2ED722F4CA530008620D9 /* Frameworks */,
				F2E2ED732F4CA530008620D9 /* Resources */,
				F2E2EDB92F4CA530008620D9 /* Embed PlugIns */,
				F26E02512F4DE56D009D949A /* Embed Frameworks */,
			);
			buildRules = (
			);
			dependencies = (
				F2E2ED832F4CA530008620D9 /* PBXTargetDependency */,
				F2E2ED8F2F4CA530008620D9 /* PBXTargetDependency */,
			);
			fileSystemSynchronizedGroups = (
				F2E2ED902F4CA530008620D9 /* Rounded */,
			);
			name = "Wrapper Application";
			packageProductDependencies = (
			);
			productName = "Wrapper Application";
			productReference = F2E2ED752F4CA530008620D9 /* Rounded.app */;
			productType = "com.apple.product-type.application";
		};
		F2E2ED7F2F4CA530008620D9 /* XPC Service */ = {
			isa = PBXNativeTarget;
			buildConfigurationList = F2E2EDB62F4CA530008620D9 /* Build configuration list for PBXNativeTarget "XPC Service" */;
			buildPhases = (
				F2E2ED7A2F4CA530008620D9 /* Sources */,
				F2E2ED7B2F4CA530008620D9 /* Frameworks */,
				F2E2ED7C2F4CA530008620D9 /* Resources */,
				F2E2ED7D2F4CA530008620D9 /* Copy and Code Sign FxPlug.framework */,
				F2E2ED7E2F4CA530008620D9 /* Copy and Code Sign PluginManager.framework */,
			);
			buildRules = (
			);
			dependencies = (
			);
			fileSystemSynchronizedGroups = (
				F2E2ED902F4CA530008620D9 /* Rounded */,
			);
			name = "XPC Service";
			packageProductDependencies = (
			);
			productName = "XPC Service";
			productReference = F2E2ED802F4CA530008620D9 /* Rounded XPC Service.pluginkit */;
			productType = "com.apple.product-type.bundle";
		};
/* End PBXNativeTarget section */

/* Begin PBXProject section */
		F2E2ED6D2F4CA530008620D9 /* Project object */ = {
			isa = PBXProject;
			attributes = {
				BuildIndependentTargetsInParallel = 1;
				LastUpgradeCheck = 2600;
				TargetAttributes = {
					F2E2ED742F4CA530008620D9 = {
						CreatedOnToolsVersion = 26.0.1;
					};
					F2E2ED7F2F4CA530008620D9 = {
						CreatedOnToolsVersion = 26.0.1;
					};
				};
			};
			buildConfigurationList = F2E2ED702F4CA530008620D9 /* Build configuration list for PBXProject "Rounded" */;
			developmentRegion = en;
			hasScannedForEncodings = 0;
			knownRegions = (
				en,
				Base,
			);
			mainGroup = F2E2ED6C2F4CA530008620D9;
			minimizedProjectReferenceProxies = 1;
			preferredProjectObjectVersion = 77;
			productRefGroup = F2E2ED762F4CA530008620D9 /* Products */;
			projectDirPath = "";
			projectRoot = "";
			targets = (
				F2E2ED742F4CA530008620D9 /* Wrapper Application */,
				F2E2ED7F2F4CA530008620D9 /* XPC Service */,
			);
		};
/* End PBXProject section */

/* Begin PBXResourcesBuildPhase section */
		F2E2ED732F4CA530008620D9 /* Resources */ = {
			isa = PBXResourcesBuildPhase;
			buildActionMask = 2147483647;
			files = (
			);
			runOnlyForDeploymentPostprocessing = 0;
		};
		F2E2ED7C2F4CA530008620D9 /* Resources */ = {
			isa = PBXResourcesBuildPhase;
			buildActionMask = 2147483647;
			files = (
			);
			runOnlyForDeploymentPostprocessing = 0;
		};
/* End PBXResourcesBuildPhase section */

/* Begin PBXShellScriptBuildPhase section */
		F2E2ED7D2F4CA530008620D9 /* Copy and Code Sign FxPlug.framework */ = {
			isa = PBXShellScriptBuildPhase;
			buildActionMask = 2147483647;
			files = (
			);
			inputFileListPaths = (
			);
			inputPaths = (
			);
			name = "Copy and Code Sign FxPlug.framework";
			outputFileListPaths = (
			);
			outputPaths = (
			);
			runOnlyForDeploymentPostprocessing = 0;
			shellPath = /bin/sh;
			shellScript = "mkdir -p \"${TARGET_BUILD_DIR}/${FRAMEWORKS_FOLDER_PATH}\"\nrsync --archive --links --whole-file --no-owner --no-group --checksum --exclude='Headers' \"/Library/Developer/Frameworks/FxPlug.framework/\" \"${TARGET_BUILD_DIR}/${FRAMEWORKS_FOLDER_PATH}/FxPlug.framework/\"\nif [ \"$?\" -ne 0 ]; then echo \"error: rsync failed; couldn't embed FxPlug.framework\"; exit 1; fi\ncodesign --force --timestamp --options runtime --sign \"${CODE_SIGN_IDENTITY}\" \"${BUILT_PRODUCTS_DIR}/${FRAMEWORKS_FOLDER_PATH}/FxPlug.framework\"";
			showEnvVarsInLog = 0;
		};
		F2E2ED7E2F4CA530008620D9 /* Copy and Code Sign PluginManager.framework */ = {
			isa = PBXShellScriptBuildPhase;
			buildActionMask = 2147483647;
			files = (
			);
			inputFileListPaths = (
			);
			inputPaths = (
			);
			name = "Copy and Code Sign PluginManager.framework";
			outputFileListPaths = (
			);
			outputPaths = (
			);
			runOnlyForDeploymentPostprocessing = 0;
			shellPath = /bin/sh;
			shellScript = "mkdir -p \"${TARGET_BUILD_DIR}/${FRAMEWORKS_FOLDER_PATH}\"\nrsync --archive --links --whole-file --no-owner --no-group --checksum --exclude='Headers' \"/Library/Developer/Frameworks/PluginManager.framework/\" \"${TARGET_BUILD_DIR}/${FRAMEWORKS_FOLDER_PATH}/PluginManager.framework/\"\nif [ \"$?\" -ne 0 ]; then echo \"error: rsync failed; couldn't embed PluginManager.framework\"; exit 1; fi\ncodesign --force --timestamp --options runtime --sign \"${CODE_SIGN_IDENTITY}\" \"${BUILT_PRODUCTS_DIR}/${FRAMEWORKS_FOLDER_PATH}/PluginManager.framework\"\n";
			showEnvVarsInLog = 0;
		};
/* End PBXShellScriptBuildPhase section */

/* Begin PBXSourcesBuildPhase section */
		F2E2ED712F4CA530008620D9 /* Sources */ = {
			isa = PBXSourcesBuildPhase;
			buildActionMask = 2147483647;
			files = (
			);
			runOnlyForDeploymentPostprocessing = 0;
		};
		F2E2ED7A2F4CA530008620D9 /* Sources */ = {
			isa = PBXSourcesBuildPhase;
			buildActionMask = 2147483647;
			files = (
			);
			runOnlyForDeploymentPostprocessing = 0;
		};
/* End PBXSourcesBuildPhase section */

/* Begin PBXTargetDependency section */
		F2E2ED832F4CA530008620D9 /* PBXTargetDependency */ = {
			isa = PBXTargetDependency;
			target = F2E2ED7F2F4CA530008620D9 /* XPC Service */;
			targetProxy = F2E2ED822F4CA530008620D9 /* PBXContainerItemProxy */;
		};
		F2E2ED8F2F4CA530008620D9 /* PBXTargetDependency */ = {
			isa = PBXTargetDependency;
			target = F2E2ED7F2F4CA530008620D9 /* XPC Service */;
			targetProxy = F2E2ED8E2F4CA530008620D9 /* PBXContainerItemProxy */;
		};
/* End PBXTargetDependency section */

/* Begin XCBuildConfiguration section */
		F2E2EDB72F4CA530008620D9 /* Debug */ = {
			isa = XCBuildConfiguration;
			buildSettings = {
				CODE_SIGN_STYLE = Automatic;
				ENABLE_USER_SCRIPT_SANDBOXING = NO;
				GCC_PRECOMPILE_PREFIX_HEADER = YES;
				INFOPLIST_FILE = Rounded/Plugin/Info.plist;
				LD_RUNPATH_SEARCH_PATHS = (
					"$(inherited)",
					"@loader_path/../Frameworks",
				);
				MACH_O_TYPE = mh_execute;
				PRODUCT_BUNDLE_IDENTIFIER = "$(PRODUCT_NAME:rfc1034identifier)";
				PRODUCT_NAME = "Rounded $(TARGET_NAME)";
				SWIFT_OBJC_BRIDGING_HEADER = "Rounded/Plugin/XPC Service-Bridging-Header.h";
				WRAPPER_EXTENSION = pluginkit;
			};
			name = Debug;
		};
		F2E2EDB82F4CA530008620D9 /* Release */ = {
			isa = XCBuildConfiguration;
			buildSettings = {
				CODE_SIGN_STYLE = Automatic;
				ENABLE_USER_SCRIPT_SANDBOXING = NO;
				GCC_PRECOMPILE_PREFIX_HEADER = YES;
				INFOPLIST_FILE = Rounded/Plugin/Info.plist;
				LD_RUNPATH_SEARCH_PATHS = (
					"$(inherited)",
					"@loader_path/../Frameworks",
				);
				MACH_O_TYPE = mh_execute;
				PRODUCT_BUNDLE_IDENTIFIER = "$(PRODUCT_NAME:rfc1034identifier)";
				PRODUCT_NAME = "Rounded $(TARGET_NAME)";
				SWIFT_OBJC_BRIDGING_HEADER = "Rounded/Plugin/XPC Service-Bridging-Header.h";
				WRAPPER_EXTENSION = pluginkit;
			};
			name = Release;
		};
		F2E2EDBB2F4CA530008620D9 /* Debug */ = {
			isa = XCBuildConfiguration;
			buildSettings = {
				CODE_SIGN_ENTITLEMENTS = "Rounded/Wrapper Application/SandboxEntitlements.entitlements";
				CODE_SIGN_STYLE = Automatic;
				ENABLE_HARDENED_RUNTIME = NO;
				GCC_PRECOMPILE_PREFIX_HEADER = YES;
				INFOPLIST_FILE = "Rounded/Wrapper Application/Info.plist";
				PRODUCT_BUNDLE_IDENTIFIER = "$(PRODUCT_NAME:rfc1034identifier)";
				PRODUCT_NAME = Rounded;
				SWIFT_OBJC_BRIDGING_HEADER = "Rounded/Wrapper Application/Wrapper Application-Bridging-Header.h";
			};
			name = Debug;
		};
		F2E2EDBC2F4CA530008620D9 /* Release */ = {
			isa = XCBuildConfiguration;
			buildSettings = {
				CODE_SIGN_ENTITLEMENTS = "Rounded/Wrapper Application/SandboxEntitlements.entitlements";
				CODE_SIGN_STYLE = Automatic;
				ENABLE_HARDENED_RUNTIME = NO;
				GCC_PRECOMPILE_PREFIX_HEADER = YES;
				INFOPLIST_FILE = "Rounded/Wrapper Application/Info.plist";
				PRODUCT_BUNDLE_IDENTIFIER = "$(PRODUCT_NAME:rfc1034identifier)";
				PRODUCT_NAME = Rounded;
				SWIFT_OBJC_BRIDGING_HEADER = "Rounded/Wrapper Application/Wrapper Application-Bridging-Header.h";
			};
			name = Release;
		};
		F2E2EDBE2F4CA530008620D9 /* Debug */ = {
			isa = XCBuildConfiguration;
			buildSettings = {
				ADDITIONAL_SDKS = /Library/Developer/SDKs/FxPlug.sdk;
				ALWAYS_SEARCH_USER_PATHS = NO;
				ASSETCATALOG_COMPILER_GENERATE_SWIFT_ASSET_SYMBOL_EXTENSIONS = YES;
				CLANG_ANALYZER_NONNULL = YES;
				CLANG_ANALYZER_NUMBER_OBJECT_CONVERSION = YES_AGGRESSIVE;
				CLANG_CXX_LANGUAGE_STANDARD = "gnu++20";
				CLANG_ENABLE_MODULES = YES;
				CLANG_ENABLE_OBJC_ARC = NO;
				CLANG_ENABLE_OBJC_WEAK = YES;
				CLANG_WARN_BLOCK_CAPTURE_AUTORELEASING = YES;
				CLANG_WARN_BOOL_CONVERSION = YES;
				CLANG_WARN_COMMA = YES;
				CLANG_WARN_CONSTANT_CONVERSION = YES;
				CLANG_WARN_DEPRECATED_OBJC_IMPLEMENTATIONS = YES;
				CLANG_WARN_DIRECT_OBJC_ISA_USAGE = YES_ERROR;
				CLANG_WARN_DOCUMENTATION_COMMENTS = YES;
				CLANG_WARN_EMPTY_BODY = YES;
				CLANG_WARN_ENUM_CONVERSION = YES;
				CLANG_WARN_INFINITE_RECURSION = YES;
				CLANG_WARN_INT_CONVERSION = YES;
				CLANG_WARN_NON_LITERAL_NULL_CONVERSION = YES;
				CLANG_WARN_OBJC_IMPLICIT_RETAIN_SELF = YES;
				CLANG_WARN_OBJC_LITERAL_CONVERSION = YES;
				CLANG_WARN_OBJC_ROOT_CLASS = YES_ERROR;
				CLANG_WARN_QUOTED_INCLUDE_IN_FRAMEWORK_HEADER = YES;
				CLANG_WARN_RANGE_LOOP_ANALYSIS = YES;
				CLANG_WARN_STRICT_PROTOTYPES = YES;
				CLANG_WARN_SUSPICIOUS_MOVE = YES;
				CLANG_WARN_UNGUARDED_AVAILABILITY = YES_AGGRESSIVE;
				CLANG_WARN_UNREACHABLE_CODE = YES;
				CLANG_WARN__DUPLICATE_METHOD_MATCH = YES;
				COPY_PHASE_STRIP = NO;
				DEBUG_INFORMATION_FORMAT = dwarf;
				ENABLE_STRICT_OBJC_MSGSEND = YES;
				ENABLE_TESTABILITY = YES;
				ENABLE_USER_SCRIPT_SANDBOXING = YES;
				FRAMEWORK_SEARCH_PATHS = (
					/Library/Frameworks,
					"$(inherited)",
				);
				GCC_C_LANGUAGE_STANDARD = gnu17;
				GCC_DYNAMIC_NO_PIC = NO;
				GCC_ENABLE_OBJC_EXCEPTIONS = YES;
				GCC_NO_COMMON_BLOCKS = YES;
				GCC_OPTIMIZATION_LEVEL = 0;
				GCC_PREPROCESSOR_DEFINITIONS = (
					"DEBUG=1",
					"$(inherited)",
				);
				GCC_WARN_64_TO_32_BIT_CONVERSION = YES;
				GCC_WARN_ABOUT_RETURN_TYPE = YES_ERROR;
				GCC_WARN_UNDECLARED_SELECTOR = YES;
				GCC_WARN_UNINITIALIZED_AUTOS = YES_AGGRESSIVE;
				GCC_WARN_UNUSED_FUNCTION = YES;
				GCC_WARN_UNUSED_VARIABLE = YES;
				LOCALIZATION_PREFERS_STRING_CATALOGS = YES;
				MACOSX_DEPLOYMENT_TARGET = 15.7;
				MTL_ENABLE_DEBUG_INFO = INCLUDE_SOURCE;
				MTL_FAST_MATH = YES;
				ONLY_ACTIVE_ARCH = YES;
				SDKROOT = macosx;
				SWIFT_VERSION = 5;
			};
			name = Debug;
		};
		F2E2EDBF2F4CA530008620D9 /* Release */ = {
			isa = XCBuildConfiguration;
			buildSettings = {
				ADDITIONAL_SDKS = /Library/Developer/SDKs/FxPlug.sdk;
				ALWAYS_SEARCH_USER_PATHS = NO;
				ASSETCATALOG_COMPILER_GENERATE_SWIFT_ASSET_SYMBOL_EXTENSIONS = YES;
				CLANG_ANALYZER_NONNULL = YES;
				CLANG_ANALYZER_NUMBER_OBJECT_CONVERSION = YES_AGGRESSIVE;
				CLANG_CXX_LANGUAGE_STANDARD = "gnu++20";
				CLANG_ENABLE_MODULES = YES;
				CLANG_ENABLE_OBJC_ARC = NO;
				CLANG_ENABLE_OBJC_WEAK = YES;
				CLANG_WARN_BLOCK_CAPTURE_AUTORELEASING = YES;
				CLANG_WARN_BOOL_CONVERSION = YES;
				CLANG_WARN_COMMA = YES;
				CLANG_WARN_CONSTANT_CONVERSION = YES;
				CLANG_WARN_DEPRECATED_OBJC_IMPLEMENTATIONS = YES;
				CLANG_WARN_DIRECT_OBJC_ISA_USAGE = YES_ERROR;
				CLANG_WARN_DOCUMENTATION_COMMENTS = YES;
				CLANG_WARN_EMPTY_BODY = YES;
				CLANG_WARN_ENUM_CONVERSION = YES;
				CLANG_WARN_INFINITE_RECURSION = YES;
				CLANG_WARN_INT_CONVERSION = YES;
				CLANG_WARN_NON_LITERAL_NULL_CONVERSION = YES;
				CLANG_WARN_OBJC_IMPLICIT_RETAIN_SELF = YES;
				CLANG_WARN_OBJC_LITERAL_CONVERSION = YES;
				CLANG_WARN_OBJC_ROOT_CLASS = YES_ERROR;
				CLANG_WARN_QUOTED_INCLUDE_IN_FRAMEWORK_HEADER = YES;
				CLANG_WARN_RANGE_LOOP_ANALYSIS = YES;
				CLANG_WARN_STRICT_PROTOTYPES = YES;
				CLANG_WARN_SUSPICIOUS_MOVE = YES;
				CLANG_WARN_UNGUARDED_AVAILABILITY = YES_AGGRESSIVE;
				CLANG_WARN_UNREACHABLE_CODE = YES;
				CLANG_WARN__DUPLICATE_METHOD_MATCH = YES;
				COPY_PHASE_STRIP = NO;
				DEBUG_INFORMATION_FORMAT = "dwarf-with-dsym";
				ENABLE_NS_ASSERTIONS = NO;
				ENABLE_STRICT_OBJC_MSGSEND = YES;
				ENABLE_USER_SCRIPT_SANDBOXING = YES;
				FRAMEWORK_SEARCH_PATHS = (
					/Library/Frameworks,
					"$(inherited)",
				);
				GCC_C_LANGUAGE_STANDARD = gnu17;
				GCC_ENABLE_OBJC_EXCEPTIONS = YES;
				GCC_NO_COMMON_BLOCKS = YES;
				GCC_WARN_64_TO_32_BIT_CONVERSION = YES;
				GCC_WARN_ABOUT_RETURN_TYPE = YES_ERROR;
				GCC_WARN_UNDECLARED_SELECTOR = YES;
				GCC_WARN_UNINITIALIZED_AUTOS = YES_AGGRESSIVE;
				GCC_WARN_UNUSED_FUNCTION = YES;
				GCC_WARN_UNUSED_VARIABLE = YES;
				LOCALIZATION_PREFERS_STRING_CATALOGS = YES;
				MACOSX_DEPLOYMENT_TARGET = 15.7;
				MTL_ENABLE_DEBUG_INFO = NO;
				MTL_FAST_MATH = YES;
				SDKROOT = macosx;
				SWIFT_VERSION = 5;
			};
			name = Release;
		};
/* End XCBuildConfiguration section */

/* Begin XCConfigurationList section */
		F2E2ED702F4CA530008620D9 /* Build configuration list for PBXProject "Rounded" */ = {
			isa = XCConfigurationList;
			buildConfigurations = (
				F2E2EDBE2F4CA530008620D9 /* Debug */,
				F2E2EDBF2F4CA530008620D9 /* Release */,
			);
			defaultConfigurationIsVisible = 0;
			defaultConfigurationName = Release;
		};
		F2E2EDB62F4CA530008620D9 /* Build configuration list for PBXNativeTarget "XPC Service" */ = {
			isa = XCConfigurationList;
			buildConfigurations = (
				F2E2EDB72F4CA530008620D9 /* Debug */,
				F2E2EDB82F4CA530008620D9 /* Release */,
			);
			defaultConfigurationIsVisible = 0;
			defaultConfigurationName = Release;
		};
		F2E2EDBA2F4CA530008620D9 /* Build configuration list for PBXNativeTarget "Wrapper Application" */ = {
			isa = XCConfigurationList;
			buildConfigurations = (
				F2E2EDBB2F4CA530008620D9 /* Debug */,
				F2E2EDBC2F4CA530008620D9 /* Release */,
			);
			defaultConfigurationIsVisible = 0;
			defaultConfigurationName = Release;
		};
/* End XCConfigurationList section */
	};
	rootObject = F2E2ED6D2F4CA530008620D9 /* Project object */;
}
